// !$*UTF8*$!
{
	archiveVersion = 1;
	classes = {
	};
	objectVersion = 48;
	objects = {

/* Begin PBXBuildFile section */
		4EFEFC9E20890F3400653D95 /* AppDelegate.swift in Sources */ = {isa = PBXBuildFile; fileRef = 4EFEFC9D20890F3400653D95 /* AppDelegate.swift */; };
		4EFEFCA020890F3400653D95 /* ViewController.swift in Sources */ = {isa = PBXBuildFile; fileRef = 4EFEFC9F20890F3400653D95 /* ViewController.swift */; };
		4EFEFCA320890F3400653D95 /* Main.storyboard in Resources */ = {isa = PBXBuildFile; fileRef = 4EFEFCA120890F3400653D95 /* Main.storyboard */; };
		4EFEFCA520890F3400653D95 /* Assets.xcassets in Resources */ = {isa = PBXBuildFile; fileRef = 4EFEFCA420890F3400653D95 /* Assets.xcassets */; };
		4EFEFCA820890F3400653D95 /* LaunchScreen.storyboard in Resources */ = {isa = PBXBuildFile; fileRef = 4EFEFCA620890F3400653D95 /* LaunchScreen.storyboard */; };
		4EFEFCB320890F3500653D95 /* WeatherDemoTests.swift in Sources */ = {isa = PBXBuildFile; fileRef = 4EFEFCB220890F3500653D95 /* WeatherDemoTests.swift */; };
		4EFEFCBE20890F3500653D95 /* WeatherDemoUITests.swift in Sources */ = {isa = PBXBuildFile; fileRef = 4EFEFCBD20890F3500653D95 /* WeatherDemoUITests.swift */; };
/* End PBXBuildFile section */

/* Begin PBXContainerItemProxy section */
		4EFEFCAF20890F3500653D95 /* PBXContainerItemProxy */ = {
			isa = PBXContainerItemProxy;
			containerPortal = 4EFEFC9220890F3400653D95 /* Project object */;
			proxyType = 1;
			remoteGlobalIDString = 4EFEFC9920890F3400653D95;
			remoteInfo = WeatherDemo;
		};
		4EFEFCBA20890F3500653D95 /* PBXContainerItemProxy */ = {
			isa = PBXContainerItemProxy;
			containerPortal = 4EFEFC9220890F3400653D95 /* Project object */;
			proxyType = 1;
			remoteGlobalIDString = 4EFEFC9920890F3400653D95;
			remoteInfo = WeatherDemo;
		};
/* End PBXContainerItemProxy section */

/* Begin PBXFileReference section */
		4EFEFC9A20890F3400653D95 /* WeatherDemo.app */ = {isa = PBXFileReference; explicitFileType = wrapper.application; includeInIndex = 0; path = WeatherDemo.app; sourceTree = BUILT_PRODUCTS_DIR; };
		4EFEFC9D20890F3400653D95 /* AppDelegate.swift */ = {isa = PBXFileReference; lastKnownFileType = sourcecode.swift; path = AppDelegate.swift; sourceTree = "<group>"; };
		4EFEFC9F20890F3400653D95 /* ViewController.swift */ = {isa = PBXFileReference; lastKnownFileType = sourcecode.swift; path = ViewController.swift; sourceTree = "<group>"; };
		4EFEFCA220890F3400653D95 /* Base */ = {isa = PBXFileReference; lastKnownFileType = file.storyboard; name = Base; path = Base.lproj/Main.storyboard; sourceTree = "<group>"; };
		4EFEFCA420890F3400653D95 /* Assets.xcassets */ = {isa = PBXFileReference; lastKnownFileType = folder.assetcatalog; path = Assets.xcassets; sourceTree = "<group>"; };
		4EFEFCA720890F3400653D95 /* Base */ = {isa = PBXFileReference; lastKnownFileType = file.storyboard; name = Base; path = Base.lproj/LaunchScreen.storyboard; sourceTree = "<group>"; };
		4EFEFCA920890F3400653D95 /* Info.plist */ = {isa = PBXFileReference; lastKnownFileType = text.plist.xml; path = Info.plist; sourceTree = "<group>"; };
		4EFEFCAE20890F3500653D95 /* WeatherDemoTests.xctest */ = {isa = PBXFileReference; explicitFileType = wrapper.cfbundle; includeInIndex = 0; path = WeatherDemoTests.xctest; sourceTree = BUILT_PRODUCTS_DIR; };
		4EFEFCB220890F3500653D95 /* WeatherDemoTests.swift */ = {isa = PBXFileReference; lastKnownFileType = sourcecode.swift; path = WeatherDemoTests.swift; sourceTree = "<group>"; };
		4EFEFCB420890F3500653D95 /* Info.plist */ = {isa = PBXFileReference; lastKnownFileType = text.plist.xml; path = Info.plist; sourceTree = "<group>"; };
		4EFEFCB920890F3500653D95 /* WeatherDemoUITests.xctest */ = {isa = PBXFileReference; explicitFileType = wrapper.cfbundle; includeInIndex = 0; path = WeatherDemoUITests.xctest; sourceTree = BUILT_PRODUCTS_DIR; };
		4EFEFCBD20890F3500653D95 /* WeatherDemoUITests.swift */ = {isa = PBXFileReference; lastKnownFileType = sourcecode.swift; path = WeatherDemoUITests.swift; sourceTree = "<group>"; };
		4EFEFCBF20890F3500653D95 /* Info.plist */ = {isa = PBXFileReference; lastKnownFileType = text.plist.xml; path = Info.plist; sourceTree = "<group>"; };
/* End PBXFileReference section */

/* Begin PBXFrameworksBuildPhase section */
		4EFEFC9720890F3400653D95 /* Frameworks */ = {
			isa = PBXFrameworksBuildPhase;
			buildActionMask = 2147483647;
			files = (
			);
			runOnlyForDeploymentPostprocessing = 0;
		};
		4EFEFCAB20890F3500653D95 /* Frameworks */ = {
			isa = PBXFrameworksBuildPhase;
			buildActionMask = 2147483647;
			files = (
			);
			runOnlyForDeploymentPostprocessing = 0;
		};
		4EFEFCB620890F3500653D95 /* Frameworks */ = {
			isa = PBXFrameworksBuildPhase;
			buildActionMask = 2147483647;
			files = (
			);
			runOnlyForDeploymentPostprocessing = 0;
		};
/* End PBXFrameworksBuildPhase section */

/* Begin PBXGroup section */
		4EFEFC9120890F3400653D95 = {
			isa = PBXGroup;
			children = (
				4EFEFC9C20890F3400653D95 /* WeatherDemo */,
				4EFEFCB120890F3500653D95 /* WeatherDemoTests */,
				4EFEFCBC20890F3500653D95 /* WeatherDemoUITests */,
				4EFEFC9B20890F3400653D95 /* Products */,
			);
			sourceTree = "<group>";
		};
		4EFEFC9B20890F3400653D95 /* Products */ = {
			isa = PBXGroup;
			children = (
				4EFEFC9A20890F3400653D95 /* WeatherDemo.app */,
				4EFEFCAE20890F3500653D95 /* WeatherDemoTests.xctest */,
				4EFEFCB920890F3500653D95 /* WeatherDemoUITests.xctest */,
			);
			name = Products;
			sourceTree = "<group>";
		};
		4EFEFC9C20890F3400653D95 /* WeatherDemo */ = {
			isa = PBXGroup;
			children = (
				4EFEFC9D20890F3400653D95 /* AppDelegate.swift */,
				4EFEFC9F20890F3400653D95 /* ViewController.swift */,
				4EFEFCA120890F3400653D95 /* Main.storyboard */,
				4EFEFCA420890F3400653D95 /* Assets.xcassets */,
				4EFEFCA620890F3400653D95 /* LaunchScreen.storyboard */,
				4EFEFCA920890F3400653D95 /* Info.plist */,
			);
			path = WeatherDemo;
			sourceTree = "<group>";
		};
		4EFEFCB120890F3500653D95 /* WeatherDemoTests */ = {
			isa = PBXGroup;
			children = (
				4EFEFCB220890F3500653D95 /* WeatherDemoTests.swift */,
				4EFEFCB420890F3500653D95 /* Info.plist */,
			);
			path = WeatherDemoTests;
			sourceTree = "<group>";
		};
		4EFEFCBC20890F3500653D95 /* WeatherDemoUITests */ = {
			isa = PBXGroup;
			children = (
				4EFEFCBD20890F3500653D95 /* WeatherDemoUITests.swift */,
				4EFEFCBF20890F3500653D95 /* Info.plist */,
			);
			path = WeatherDemoUITests;
			sourceTree = "<group>";
		};
/* End PBXGroup section */

/* Begin PBXNativeTarget section */
		4EFEFC9920890F3400653D95 /* WeatherDemo */ = {
			isa = PBXNativeTarget;
			buildConfigurationList = 4EFEFCC220890F3500653D95 /* Build configuration list for PBXNativeTarget "WeatherDemo" */;
			buildPhases = (
				4EFEFC9620890F3400653D95 /* Sources */,
				4EFEFC9720890F3400653D95 /* Frameworks */,
				4EFEFC9820890F3400653D95 /* Resources */,
			);
			buildRules = (
			);
			dependencies = (
			);
			name = WeatherDemo;
			productName = WeatherDemo;
			productReference = 4EFEFC9A20890F3400653D95 /* WeatherDemo.app */;
			productType = "com.apple.product-type.application";
		};
		4EFEFCAD20890F3500653D95 /* WeatherDemoTests */ = {
			isa = PBXNativeTarget;
			buildConfigurationList = 4EFEFCC520890F3500653D95 /* Build configuration list for PBXNativeTarget "WeatherDemoTests" */;
			buildPhases = (
				4EFEFCAA20890F3500653D95 /* Sources */,
				4EFEFCAB20890F3500653D95 /* Frameworks */,
				4EFEFCAC20890F3500653D95 /* Resources */,
			);
			buildRules = (
			);
			dependencies = (
				4EFEFCB020890F3500653D95 /* PBXTargetDependency */,
			);
			name = WeatherDemoTests;
			productName = WeatherDemoTests;
			productReference = 4EFEFCAE20890F3500653D95 /* WeatherDemoTests.xctest */;
			productType = "com.apple.product-type.bundle.unit-test";
		};
		4EFEFCB820890F3500653D95 /* WeatherDemoUITests */ = {
			isa = PBXNativeTarget;
			buildConfigurationList = 4EFEFCC820890F3500653D95 /* Build configuration list for PBXNativeTarget "WeatherDemoUITests" */;
			buildPhases = (
				4EFEFCB520890F3500653D95 /* Sources */,
				4EFEFCB620890F3500653D95 /* Frameworks */,
				4EFEFCB720890F3500653D95 /* Resources */,
			);
			buildRules = (
			);
			dependencies = (
				4EFEFCBB20890F3500653D95 /* PBXTargetDependency */,
			);
			name = WeatherDemoUITests;
			productName = WeatherDemoUITests;
			productReference = 4EFEFCB920890F3500653D95 /* WeatherDemoUITests.xctest */;
			productType = "com.apple.product-type.bundle.ui-testing";
		};
/* End PBXNativeTarget section */

/* Begin PBXProject section */
		4EFEFC9220890F3400653D95 /* Project object */ = {
			isa = PBXProject;
			attributes = {
				LastSwiftUpdateCheck = 0920;
				LastUpgradeCheck = 0920;
				ORGANIZATIONNAME = "Ali Jaber";
				TargetAttributes = {
					4EFEFC9920890F3400653D95 = {
						CreatedOnToolsVersion = 9.2;
						ProvisioningStyle = Automatic;
					};
					4EFEFCAD20890F3500653D95 = {
						CreatedOnToolsVersion = 9.2;
						ProvisioningStyle = Automatic;
						TestTargetID = 4EFEFC9920890F3400653D95;
					};
					4EFEFCB820890F3500653D95 = {
						CreatedOnToolsVersion = 9.2;
						ProvisioningStyle = Automatic;
						TestTargetID = 4EFEFC9920890F3400653D95;
					};
				};
			};
			buildConfigurationList = 4EFEFC9520890F3400653D95 /* Build configuration list for PBXProject "WeatherDemo" */;
			compatibilityVersion = "Xcode 8.0";
			developmentRegion = en;
			hasScannedForEncodings = 0;
			knownRegions = (
				en,
				Base,
			);
			mainGroup = 4EFEFC9120890F3400653D95;
			productRefGroup = 4EFEFC9B20890F3400653D95 /* Products */;
			projectDirPath = "";
			projectRoot = "";
			targets = (
				4EFEFC9920890F3400653D95 /* WeatherDemo */,
				4EFEFCAD20890F3500653D95 /* WeatherDemoTests */,
				4EFEFCB820890F3500653D95 /* WeatherDemoUITests */,
			);
		};
/* End PBXProject section */

/* Begin PBXResourcesBuildPhase section */
		4EFEFC9820890F3400653D95 /* Resources */ = {
			isa = PBXResourcesBuildPhase;
			buildActionMask = 2147483647;
			files = (
				4EFEFCA820890F3400653D95 /* LaunchScreen.storyboard in Resources */,
				4EFEFCA520890F3400653D95 /* Assets.xcassets in Resources */,
				4EFEFCA320890F3400653D95 /* Main.storyboard in Resources */,
			);
			runOnlyForDeploymentPostprocessing = 0;
		};
		4EFEFCAC20890F3500653D95 /* Resources */ = {
			isa = PBXResourcesBuildPhase;
			buildActionMask = 2147483647;
			files = (
			);
			runOnlyForDeploymentPostprocessing = 0;
		};
		4EFEFCB720890F3500653D95 /* Resources */ = {
			isa = PBXResourcesBuildPhase;
			buildActionMask = 2147483647;
			files = (
			);
			runOnlyForDeploymentPostprocessing = 0;
		};
/* End PBXResourcesBuildPhase section */

/* Begin PBXSourcesBuildPhase section */
		4EFEFC9620890F3400653D95 /* Sources */ = {
			isa = PBXSourcesBuildPhase;
			buildActionMask = 2147483647;
			files = (
				4EFEFCA020890F3400653D95 /* ViewController.swift in Sources */,
				4EFEFC9E20890F3400653D95 /* AppDelegate.swift in Sources */,
			);
			runOnlyForDeploymentPostprocessing = 0;
		};
		4EFEFCAA20890F3500653D95 /* Sources */ = {
			isa = PBXSourcesBuildPhase;
			buildActionMask = 2147483647;
			files = (
				4EFEFCB320890F3500653D95 /* WeatherDemoTests.swift in Sources */,
			);
			runOnlyForDeploymentPostprocessing = 0;
		};
		4EFEFCB520890F3500653D95 /* Sources */ = {
			isa = PBXSourcesBuildPhase;
			buildActionMask = 2147483647;
			files = (
				4EFEFCBE20890F3500653D95 /* WeatherDemoUITests.swift in Sources */,
			);
			runOnlyForDeploymentPostprocessing = 0;
		};
/* End PBXSourcesBuildPhase section */

/* Begin PBXTargetDependency section */
		4EFEFCB020890F3500653D95 /* PBXTargetDependency */ = {
			isa = PBXTargetDependency;
			target = 4EFEFC9920890F3400653D95 /* WeatherDemo */;
			targetProxy = 4EFEFCAF20890F3500653D95 /* PBXContainerItemProxy */;
		};
		4EFEFCBB20890F3500653D95 /* PBXTargetDependency */ = {
			isa = PBXTargetDependency;
			target = 4EFEFC9920890F3400653D95 /* WeatherDemo */;
			targetProxy = 4EFEFCBA20890F3500653D95 /* PBXContainerItemProxy */;
		};
/* End PBXTargetDependency section */

/* Begin PBXVariantGroup section */
		4EFEFCA120890F3400653D95 /* Main.storyboard */ = {
			isa = PBXVariantGroup;
			children = (
				4EFEFCA220890F3400653D95 /* Base */,
			);
			name = Main.storyboard;
			sourceTree = "<group>";
		};
		4EFEFCA620890F3400653D95 /* LaunchScreen.storyboard */ = {
			isa = PBXVariantGroup;
			children = (
				4EFEFCA720890F3400653D95 /* Base */,
			);
			name = LaunchScreen.storyboard;
			sourceTree = "<group>";
		};
/* End PBXVariantGroup section */

/* Begin XCBuildConfiguration section */
		4EFEFCC020890F3500653D95 /* Debug */ = {
			isa = XCBuildConfiguration;
			buildSettings = {
				ALWAYS_SEARCH_USER_PATHS = NO;
				CLANG_ANALYZER_NONNULL = YES;
				CLANG_ANALYZER_NUMBER_OBJECT_CONVERSION = YES_AGGRESSIVE;
				CLANG_CXX_LANGUAGE_STANDARD = "gnu++14";
				CLANG_CXX_LIBRARY = "libc++";
				CLANG_ENABLE_MODULES = YES;
				CLANG_ENABLE_OBJC_ARC = YES;
				CLANG_WARN_BLOCK_CAPTURE_AUTORELEASING = YES;
				CLANG_WARN_BOOL_CONVERSION = YES;
				CLANG_WARN_COMMA = YES;
				CLANG_WARN_CONSTANT_CONVERSION = YES;
				CLANG_WARN_DIRECT_OBJC_ISA_USAGE = YES_ERROR;
				CLANG_WARN_DOCUMENTATION_COMMENTS = YES;
				CLANG_WARN_EMPTY_BODY = YES;
				CLANG_WARN_ENUM_CONVERSION = YES;
				CLANG_WARN_INFINITE_RECURSION = YES;
				CLANG_WARN_INT_CONVERSION = YES;
				CLANG_WARN_NON_LITERAL_NULL_CONVERSION = YES;
				CLANG_WARN_OBJC_LITERAL_CONVERSION = YES;
				CLANG_WARN_OBJC_ROOT_CLASS = YES_ERROR;
				CLANG_WARN_RANGE_LOOP_ANALYSIS = YES;
				CLANG_WARN_STRICT_PROTOTYPES = YES;
				CLANG_WARN_SUSPICIOUS_MOVE = YES;
				CLANG_WARN_UNGUARDED_AVAILABILITY = YES_AGGRESSIVE;
				CLANG_WARN_UNREACHABLE_CODE = YES;
				CLANG_WARN__DUPLICATE_METHOD_MATCH = YES;
				CODE_SIGN_IDENTITY = "iPhone Developer";
				COPY_PHASE_STRIP = NO;
				DEBUG_INFORMATION_FORMAT = dwarf;
				ENABLE_STRICT_OBJC_MSGSEND = YES;
				ENABLE_TESTABILITY = YES;
				GCC_C_LANGUAGE_STANDARD = gnu11;
				GCC_DYNAMIC_NO_PIC = NO;
				GCC_NO_COMMON_BLOCKS = YES;
				GCC_OPTIMIZATION_LEVEL = 0;
				GCC_PREPROCESSOR_DEFINITIONS = (
					"DEBUG=1",
					"$(inherited)",
				);
				GCC_WARN_64_TO_32_BIT_CONVERSION = YES;
				GCC_WARN_ABOUT_RETURN_TYPE = YES_ERROR;
				GCC_WARN_UNDECLARED_SELECTOR = YES;
				GCC_WARN_UNINITIALIZED_AUTOS = YES_AGGRESSIVE;
				GCC_WARN_UNUSED_FUNCTION = YES;
				GCC_WARN_UNUSED_VARIABLE = YES;
				IPHONEOS_DEPLOYMENT_TARGET = 11.2;
				MTL_ENABLE_DEBUG_INFO = YES;
				ONLY_ACTIVE_ARCH = YES;
				SDKROOT = iphoneos;
				SWIFT_ACTIVE_COMPILATION_CONDITIONS = DEBUG;
				SWIFT_OPTIMIZATION_LEVEL = "-Onone";
			};
			name = Debug;
		};
		4EFEFCC120890F3500653D95 /* Release */ = {
			isa = XCBuildConfiguration;
			buildSettings = {
				ALWAYS_SEARCH_USER_PATHS = NO;
				CLANG_ANALYZER_NONNULL = YES;
				CLANG_ANALYZER_NUMBER_OBJECT_CONVERSION = YES_AGGRESSIVE;
				CLANG_CXX_LANGUAGE_STANDARD = "gnu++14";
				CLANG_CXX_LIBRARY = "libc++";
				CLANG_ENABLE_MODULES = YES;
				CLANG_ENABLE_OBJC_ARC = YES;
				CLANG_WARN_BLOCK_CAPTURE_AUTORELEASING = YES;
				CLANG_WARN_BOOL_CONVERSION = YES;
				CLANG_WARN_COMMA = YES;
				CLANG_WARN_CONSTANT_CONVERSION = YES;
				CLANG_WARN_DIRECT_OBJC_ISA_USAGE = YES_ERROR;
				CLANG_WARN_DOCUMENTATION_COMMENTS = YES;
				CLANG_WARN_EMPTY_BODY = YES;
				CLANG_WARN_ENUM_CONVERSION = YES;
				CLANG_WARN_INFINITE_RECURSION = YES;
				CLANG_WARN_INT_CONVERSION = YES;
				CLANG_WARN_NON_LITERAL_NULL_CONVERSION = YES;
				CLANG_WARN_OBJC_LITERAL_CONVERSION = YES;
				CLANG_WARN_OBJC_ROOT_CLASS = YES_ERROR;
				CLANG_WARN_RANGE_LOOP_ANALYSIS = YES;
				CLANG_WARN_STRICT_PROTOTYPES = YES;
				CLANG_WARN_SUSPICIOUS_MOVE = YES;
				CLANG_WARN_UNGUARDED_AVAILABILITY = YES_AGGRESSIVE;
				CLANG_WARN_UNREACHABLE_CODE = YES;
				CLANG_WARN__DUPLICATE_METHOD_MATCH = YES;
				CODE_SIGN_IDENTITY = "iPhone Developer";
				COPY_PHASE_STRIP = NO;
				DEBUG_INFORMATION_FORMAT = "dwarf-with-dsym";
				ENABLE_NS_ASSERTIONS = NO;
				ENABLE_STRICT_OBJC_MSGSEND = YES;
				GCC_C_LANGUAGE_STANDARD = gnu11;
				GCC_NO_COMMON_BLOCKS = YES;
				GCC_WARN_64_TO_32_BIT_CONVERSION = YES;
				GCC_WARN_ABOUT_RETURN_TYPE = YES_ERROR;
				GCC_WARN_UNDECLARED_SELECTOR = YES;
				GCC_WARN_UNINITIALIZED_AUTOS = YES_AGGRESSIVE;
				GCC_WARN_UNUSED_FUNCTION = YES;
				GCC_WARN_UNUSED_VARIABLE = YES;
				IPHONEOS_DEPLOYMENT_TARGET = 11.2;
				MTL_ENABLE_DEBUG_INFO = NO;
				SDKROOT = iphoneos;
				SWIFT_OPTIMIZATION_LEVEL = "-Owholemodule";
				VALIDATE_PRODUCT = YES;
			};
			name = Release;
		};
		4EFEFCC320890F3500653D95 /* Debug */ = {
			isa = XCBuildConfiguration;
			buildSettings = {
				ASSETCATALOG_COMPILER_APPICON_NAME = AppIcon;
				CODE_SIGN_STYLE = Automatic;
				INFOPLIST_FILE = WeatherDemo/Info.plist;
				LD_RUNPATH_SEARCH_PATHS = "$(inherited) @executable_path/Frameworks";
				PRODUCT_BUNDLE_IDENTIFIER = "Ali-Jaber.WeatherDemo";
				PRODUCT_NAME = "$(TARGET_NAME)";
				SWIFT_VERSION = 4.0;
				TARGETED_DEVICE_FAMILY = "1,2";
			};
			name = Debug;
		};
		4EFEFCC420890F3500653D95 /* Release */ = {
			isa = XCBuildConfiguration;
			buildSettings = {
				ASSETCATALOG_COMPILER_APPICON_NAME = AppIcon;
				CODE_SIGN_STYLE = Automatic;
				INFOPLIST_FILE = WeatherDemo/Info.plist;
				LD_RUNPATH_SEARCH_PATHS = "$(inherited) @executable_path/Frameworks";
				PRODUCT_BUNDLE_IDENTIFIER = "Ali-Jaber.WeatherDemo";
				PRODUCT_NAME = "$(TARGET_NAME)";
				SWIFT_VERSION = 4.0;
				TARGETED_DEVICE_FAMILY = "1,2";
			};
			name = Release;
		};
		4EFEFCC620890F3500653D95 /* Debug */ = {
			isa = XCBuildConfiguration;
			buildSettings = {
				ALWAYS_EMBED_SWIFT_STANDARD_LIBRARIES = YES;
				BUNDLE_LOADER = "$(TEST_HOST)";
				CODE_SIGN_STYLE = Automatic;
				INFOPLIST_FILE = WeatherDemoTests/Info.plist;
				LD_RUNPATH_SEARCH_PATHS = "$(inherited) @executable_path/Frameworks @loader_path/Frameworks";
				PRODUCT_BUNDLE_IDENTIFIER = "Ali-Jaber.WeatherDemoTests";
				PRODUCT_NAME = "$(TARGET_NAME)";
				SWIFT_VERSION = 4.0;
				TARGETED_DEVICE_FAMILY = "1,2";
				TEST_HOST = "$(BUILT_PRODUCTS_DIR)/WeatherDemo.app/WeatherDemo";
			};
			name = Debug;
		};
		4EFEFCC720890F3500653D95 /* Release */ = {
			isa = XCBuildConfiguration;
			buildSettings = {
				ALWAYS_EMBED_SWIFT_STANDARD_LIBRARIES = YES;
				BUNDLE_LOADER = "$(TEST_HOST)";
				CODE_SIGN_STYLE = Automatic;
				INFOPLIST_FILE = WeatherDemoTests/Info.plist;
				LD_RUNPATH_SEARCH_PATHS = "$(inherited) @executable_path/Frameworks @loader_path/Frameworks";
				PRODUCT_BUNDLE_IDENTIFIER = "Ali-Jaber.WeatherDemoTests";
				PRODUCT_NAME = "$(TARGET_NAME)";
				SWIFT_VERSION = 4.0;
				TARGETED_DEVICE_FAMILY = "1,2";
				TEST_HOST = "$(BUILT_PRODUCTS_DIR)/WeatherDemo.app/WeatherDemo";
			};
			name = Release;
		};
		4EFEFCC920890F3500653D95 /* Debug */ = {
			isa = XCBuildConfiguration;
			buildSettings = {
				ALWAYS_EMBED_SWIFT_STANDARD_LIBRARIES = YES;
				CODE_SIGN_STYLE = Automatic;
				INFOPLIST_FILE = WeatherDemoUITests/Info.plist;
				LD_RUNPATH_SEARCH_PATHS = "$(inherited) @executable_path/Frameworks @loader_path/Frameworks";
				PRODUCT_BUNDLE_IDENTIFIER = "Ali-Jaber.WeatherDemoUITests";
				PRODUCT_NAME = "$(TARGET_NAME)";
				SWIFT_VERSION = 4.0;
				TARGETED_DEVICE_FAMILY = "1,2";
				TEST_TARGET_NAME = WeatherDemo;
			};
			name = Debug;
		};
		4EFEFCCA20890F3500653D95 /* Release */ = {
			isa = XCBuildConfiguration;
			buildSettings = {
				ALWAYS_EMBED_SWIFT_STANDARD_LIBRARIES = YES;
				CODE_SIGN_STYLE = Automatic;
				INFOPLIST_FILE = WeatherDemoUITests/Info.plist;
				LD_RUNPATH_SEARCH_PATHS = "$(inherited) @executable_path/Frameworks @loader_path/Frameworks";
				PRODUCT_BUNDLE_IDENTIFIER = "Ali-Jaber.WeatherDemoUITests";
				PRODUCT_NAME = "$(TARGET_NAME)";
				SWIFT_VERSION = 4.0;
				TARGETED_DEVICE_FAMILY = "1,2";
				TEST_TARGET_NAME = WeatherDemo;
			};
			name = Release;
		};
/* End XCBuildConfiguration section */

/* Begin XCConfigurationList section */
		4EFEFC9520890F3400653D95 /* Build configuration list for PBXProject "WeatherDemo" */ = {
			isa = XCConfigurationList;
			buildConfigurations = (
				4EFEFCC020890F3500653D95 /* Debug */,
				4EFEFCC120890F3500653D95 /* Release */,
			);
			defaultConfigurationIsVisible = 0;
			defaultConfigurationName = Release;
		};
		4EFEFCC220890F3500653D95 /* Build configuration list for PBXNativeTarget "WeatherDemo" */ = {
			isa = XCConfigurationList;
			buildConfigurations = (
				4EFEFCC320890F3500653D95 /* Debug */,
				4EFEFCC420890F3500653D95 /* Release */,
			);
			defaultConfigurationIsVisible = 0;
			defaultConfigurationName = Release;
		};
		4EFEFCC520890F3500653D95 /* Build configuration list for PBXNativeTarget "WeatherDemoTests" */ = {
			isa = XCConfigurationList;
			buildConfigurations = (
				4EFEFCC620890F3500653D95 /* Debug */,
				4EFEFCC720890F3500653D95 /* Release */,
			);
			defaultConfigurationIsVisible = 0;
			defaultConfigurationName = Release;
		};
		4EFEFCC820890F3500653D95 /* Build configuration list for PBXNativeTarget "WeatherDemoUITests" */ = {
			isa = XCConfigurationList;
			buildConfigurations = (
				4EFEFCC920890F3500653D95 /* Debug */,
				4EFEFCCA20890F3500653D95 /* Release */,
			);
			defaultConfigurationIsVisible = 0;
			defaultConfigurationName = Release;
		};
/* End XCConfigurationList section */
	};
	rootObject = 4EFEFC9220890F3400653D95 /* Project object */;
}
